
Microsoft Visual Studio Solution File, Format Version 12.00
# Visual Studio Version 17
VisualStudioVersion = 17.14.36623.8
MinimumVisualStudioVersion = 10.0.40219.1
Project("{FAE04EC0-301F-11D3-BF4B-00C04F79EFBC}") = "DiplomMurtazin", "DiplomMurtazin\DiplomMurtazin.csproj", "{4C18093B-19BB-4D03-9B21-1A467551EA2A}"
EndProject
Project("{FAE04EC0-301F-11D3-BF4B-00C04F79EFBC}") = "TestKP", "TestKP\TestKP.csproj", "{2D8832FE-F0CD-4D72-99E9-E3381264E139}"
EndProject
Global
	GlobalSection(SolutionConfigurationPlatforms) = preSolution
		Debug|Any CPU = Debug|Any CPU
		Release|Any CPU = Release|Any CPU
	EndGlobalSection
	GlobalSection(ProjectConfigurationPlatforms) = postSolution
		{4C18093B-19BB-4D03-9B21-1A467551EA2A}.Debug|Any CPU.ActiveCfg = Debug|Any CPU
		{4C18093B-19BB-4D03-9B21-1A467551EA2A}.Debug|Any CPU.Build.0 = Debug|Any CPU
		{4C18093B-19BB-4D03-9B21-1A467551EA2A}.Release|Any CPU.ActiveCfg = Release|Any CPU
		{4C18093B-19BB-4D03-9B21-1A467551EA2A}.Release|Any CPU.Build.0 = Release|Any CPU
		{2D8832FE-F0CD-4D72-99E9-E3381264E139}.Debug|Any CPU.ActiveCfg = Debug|Any CPU
		{2D8832FE-F0CD-4D72-99E9-E3381264E139}.Debug|Any CPU.Build.0 = Debug|Any CPU
		{2D8832FE-F0CD-4D72-99E9-E3381264E139}.Release|Any CPU.ActiveCfg = Release|Any CPU
		{2D8832FE-F0CD-4D72-99E9-E3381264E139}.Release|Any CPU.Build.0 = Release|Any CPU
	EndGlobalSection
	GlobalSection(SolutionProperties) = preSolution
		HideSolutionNode = FALSE
	EndGlobalSection
	GlobalSection(ExtensibilityGlobals) = postSolution
		SolutionGuid = {9AEA9BE0-CF93-4AA3-97E6-AAE32672D0DB}
	EndGlobalSection
EndGlobal
